
Microsoft Visual Studio Solution File, Format Version 12.00
# Visual Studio 14
VisualStudioVersion = 14.0.25420.1
MinimumVisualStudioVersion = 10.0.40219.1
Project("{FAE04EC0-301F-11D3-BF4B-00C04F79EFBC}") = "XamarinFormsPOC.Android", "XamarinFormsPOC\XamarinFormsPOC.Android\XamarinFormsPOC.Android.csproj", "{844714C8-7D74-4F6E-BC9F-F3D7E2F56011}"
EndProject
Project("{FAE04EC0-301F-11D3-BF4B-00C04F79EFBC}") = "XamarinFormsPOC", "XamarinFormsPOC\XamarinFormsPOC\XamarinFormsPOC.csproj", "{72AF49AD-6EDC-42B0-8181-FDB9A6451441}"
EndProject
Project("{FAE04EC0-301F-11D3-BF4B-00C04F79EFBC}") = "XamarinFormsPOC.UWP", "XamarinFormsPOC\XamarinFormsPOC.UWP\XamarinFormsPOC.UWP.csproj", "{AEDEA00F-8E6B-43AF-9D8F-3448850125F8}"
EndProject
Project("{FAE04EC0-301F-11D3-BF4B-00C04F79EFBC}") = "XamarinFormsPOC.iOS", "XamarinFormsPOC\XamarinFormsPOC.iOS\XamarinFormsPOC.iOS.csproj", "{069961AC-AAC1-48AA-8C28-18C30544CBA0}"
EndProject
Project("{FAE04EC0-301F-11D3-BF4B-00C04F79EFBC}") = "XamarinFormsPOC.Windows 8.1", "XamarinFormsPOC.Windows 8.1\XamarinFormsPOC.Windows 8.1.csproj", "{2D5EEE12-F1A9-4F12-BD6E-83D2D5AB3629}"
EndProject
Project("{FAE04EC0-301F-11D3-BF4B-00C04F79EFBC}") = "XamarinFormsPOC.WindowsPhone 8.1", "XamarinFormsPOC.WindowsPhone 8.1\XamarinFormsPOC.WindowsPhone 8.1.csproj", "{D77B0A6D-4D84-42FB-8741-20CB82EEC0AE}"
EndProject
Global
	GlobalSection(SolutionConfigurationPlatforms) = preSolution
		Ad-Hoc|Any CPU = Ad-Hoc|Any CPU
		Ad-Hoc|ARM = Ad-Hoc|ARM
		Ad-Hoc|iPhone = Ad-Hoc|iPhone
		Ad-Hoc|iPhoneSimulator = Ad-Hoc|iPhoneSimulator
		Ad-Hoc|x64 = Ad-Hoc|x64
		Ad-Hoc|x86 = Ad-Hoc|x86
		AppStore|Any CPU = AppStore|Any CPU
		AppStore|ARM = AppStore|ARM
		AppStore|iPhone = AppStore|iPhone
		AppStore|iPhoneSimulator = AppStore|iPhoneSimulator
		AppStore|x64 = AppStore|x64
		AppStore|x86 = AppStore|x86
		Debug|Any CPU = Debug|Any CPU
		Debug|ARM = Debug|ARM
		Debug|iPhone = Debug|iPhone
		Debug|iPhoneSimulator = Debug|iPhoneSimulator
		Debug|x64 = Debug|x64
		Debug|x86 = Debug|x86
		Release|Any CPU = Release|Any CPU
		Release|ARM = Release|ARM
		Release|iPhone = Release|iPhone
		Release|iPhoneSimulator = Release|iPhoneSimulator
		Release|x64 = Release|x64
		Release|x86 = Release|x86
	EndGlobalSection
	GlobalSection(ProjectConfigurationPlatforms) = postSolution
		{844714C8-7D74-4F6E-BC9F-F3D7E2F56011}.Ad-Hoc|Any CPU.ActiveCfg = Release|Any CPU
		{844714C8-7D74-4F6E-BC9F-F3D7E2F56011}.Ad-Hoc|Any CPU.Build.0 = Release|Any CPU
		{844714C8-7D74-4F6E-BC9F-F3D7E2F56011}.Ad-Hoc|Any CPU.Deploy.0 = Release|Any CPU
		{844714C8-7D74-4F6E-BC9F-F3D7E2F56011}.Ad-Hoc|ARM.ActiveCfg = Release|Any CPU
		{844714C8-7D74-4F6E-BC9F-F3D7E2F56011}.Ad-Hoc|ARM.Build.0 = Release|Any CPU
		{844714C8-7D74-4F6E-BC9F-F3D7E2F56011}.Ad-Hoc|ARM.Deploy.0 = Release|Any CPU
		{844714C8-7D74-4F6E-BC9F-F3D7E2F56011}.Ad-Hoc|iPhone.ActiveCfg = Release|Any CPU
		{844714C8-7D74-4F6E-BC9F-F3D7E2F56011}.Ad-Hoc|iPhone.Build.0 = Release|Any CPU
		{844714C8-7D74-4F6E-BC9F-F3D7E2F56011}.Ad-Hoc|iPhone.Deploy.0 = Release|Any CPU
		{844714C8-7D74-4F6E-BC9F-F3D7E2F56011}.Ad-Hoc|iPhoneSimulator.ActiveCfg = Release|Any CPU
		{844714C8-7D74-4F6E-BC9F-F3D7E2F56011}.Ad-Hoc|iPhoneSimulator.Build.0 = Release|Any CPU
		{844714C8-7D74-4F6E-BC9F-F3D7E2F56011}.Ad-Hoc|iPhoneSimulator.Deploy.0 = Release|Any CPU
		{844714C8-7D74-4F6E-BC9F-F3D7E2F56011}.Ad-Hoc|x64.ActiveCfg = Release|Any CPU
		{844714C8-7D74-4F6E-BC9F-F3D7E2F56011}.Ad-Hoc|x64.Build.0 = Release|Any CPU
		{844714C8-7D74-4F6E-BC9F-F3D7E2F56011}.Ad-Hoc|x64.Deploy.0 = Release|Any CPU
		{844714C8-7D74-4F6E-BC9F-F3D7E2F56011}.Ad-Hoc|x86.ActiveCfg = Release|Any CPU
		{844714C8-7D74-4F6E-BC9F-F3D7E2F56011}.Ad-Hoc|x86.Build.0 = Release|Any CPU
		{844714C8-7D74-4F6E-BC9F-F3D7E2F56011}.Ad-Hoc|x86.Deploy.0 = Release|Any CPU
		{844714C8-7D74-4F6E-BC9F-F3D7E2F56011}.AppStore|Any CPU.ActiveCfg = Release|Any CPU
		{844714C8-7D74-4F6E-BC9F-F3D7E2F56011}.AppStore|Any CPU.Build.0 = Release|Any CPU
		{844714C8-7D74-4F6E-BC9F-F3D7E2F56011}.AppStore|Any CPU.Deploy.0 = Release|Any CPU
		{844714C8-7D74-4F6E-BC9F-F3D7E2F56011}.AppStore|ARM.ActiveCfg = Release|Any CPU
		{844714C8-7D74-4F6E-BC9F-F3D7E2F56011}.AppStore|ARM.Build.0 = Release|Any CPU
		{844714C8-7D74-4F6E-BC9F-F3D7E2F56011}.AppStore|ARM.Deploy.0 = Release|Any CPU
		{844714C8-7D74-4F6E-BC9F-F3D7E2F56011}.AppStore|iPhone.ActiveCfg = Release|Any CPU
		{844714C8-7D74-4F6E-BC9F-F3D7E2F56011}.AppStore|iPhone.Build.0 = Release|Any CPU
		{844714C8-7D74-4F6E-BC9F-F3D7E2F56011}.AppStore|iPhone.Deploy.0 = Release|Any CPU
		{844714C8-7D74-4F6E-BC9F-F3D7E2F56011}.AppStore|iPhoneSimulator.ActiveCfg = Release|Any CPU
		{844714C8-7D74-4F6E-BC9F-F3D7E2F56011}.AppStore|iPhoneSimulator.Build.0 = Release|Any CPU
		{844714C8-7D74-4F6E-BC9F-F3D7E2F56011}.AppStore|iPhoneSimulator.Deploy.0 = Release|Any CPU
		{844714C8-7D74-4F6E-BC9F-F3D7E2F56011}.AppStore|x64.ActiveCfg = Release|Any CPU
		{844714C8-7D74-4F6E-BC9F-F3D7E2F56011}.AppStore|x64.Build.0 = Release|Any CPU
		{844714C8-7D74-4F6E-BC9F-F3D7E2F56011}.AppStore|x64.Deploy.0 = Release|Any CPU
		{844714C8-7D74-4F6E-BC9F-F3D7E2F56011}.AppStore|x86.ActiveCfg = Release|Any CPU
		{844714C8-7D74-4F6E-BC9F-F3D7E2F56011}.AppStore|x86.Build.0 = Release|Any CPU
		{844714C8-7D74-4F6E-BC9F-F3D7E2F56011}.AppStore|x86.Deploy.0 = Release|Any CPU
		{844714C8-7D74-4F6E-BC9F-F3D7E2F56011}.Debug|Any CPU.ActiveCfg = Debug|Any CPU
		{844714C8-7D74-4F6E-BC9F-F3D7E2F56011}.Debug|Any CPU.Build.0 = Debug|Any CPU
		{844714C8-7D74-4F6E-BC9F-F3D7E2F56011}.Debug|Any CPU.Deploy.0 = Debug|Any CPU
		{844714C8-7D74-4F6E-BC9F-F3D7E2F56011}.Debug|ARM.ActiveCfg = Debug|Any CPU
		{844714C8-7D74-4F6E-BC9F-F3D7E2F56011}.Debug|ARM.Build.0 = Debug|Any CPU
		{844714C8-7D74-4F6E-BC9F-F3D7E2F56011}.Debug|ARM.Deploy.0 = Debug|Any CPU
		{844714C8-7D74-4F6E-BC9F-F3D7E2F56011}.Debug|iPhone.ActiveCfg = Debug|Any CPU
		{844714C8-7D74-4F6E-BC9F-F3D7E2F56011}.Debug|iPhone.Build.0 = Debug|Any CPU
		{844714C8-7D74-4F6E-BC9F-F3D7E2F56011}.Debug|iPhone.Deploy.0 = Debug|Any CPU
		{844714C8-7D74-4F6E-BC9F-F3D7E2F56011}.Debug|iPhoneSimulator.ActiveCfg = Debug|Any CPU
		{844714C8-7D74-4F6E-BC9F-F3D7E2F56011}.Debug|iPhoneSimulator.Build.0 = Debug|Any CPU
		{844714C8-7D74-4F6E-BC9F-F3D7E2F56011}.Debug|iPhoneSimulator.Deploy.0 = Debug|Any CPU
		{844714C8-7D74-4F6E-BC9F-F3D7E2F56011}.Debug|x64.ActiveCfg = Debug|Any CPU
		{844714C8-7D74-4F6E-BC9F-F3D7E2F56011}.Debug|x64.Build.0 = Debug|Any CPU
		{844714C8-7D74-4F6E-BC9F-F3D7E2F56011}.Debug|x64.Deploy.0 = Debug|Any CPU
		{844714C8-7D74-4F6E-BC9F-F3D7E2F56011}.Debug|x86.ActiveCfg = Debug|Any CPU
		{844714C8-7D74-4F6E-BC9F-F3D7E2F56011}.Debug|x86.Build.0 = Debug|Any CPU
		{844714C8-7D74-4F6E-BC9F-F3D7E2F56011}.Debug|x86.Deploy.0 = Debug|Any CPU
		{844714C8-7D74-4F6E-BC9F-F3D7E2F56011}.Release|Any CPU.ActiveCfg = Release|Any CPU
		{844714C8-7D74-4F6E-BC9F-F3D7E2F56011}.Release|Any CPU.Build.0 = Release|Any CPU
		{844714C8-7D74-4F6E-BC9F-F3D7E2F56011}.Release|Any CPU.Deploy.0 = Release|Any CPU
		{844714C8-7D74-4F6E-BC9F-F3D7E2F56011}.Release|ARM.ActiveCfg = Release|Any CPU
		{844714C8-7D74-4F6E-BC9F-F3D7E2F56011}.Release|ARM.Build.0 = Release|Any CPU
		{844714C8-7D74-4F6E-BC9F-F3D7E2F56011}.Release|ARM.Deploy.0 = Release|Any CPU
		{844714C8-7D74-4F6E-BC9F-F3D7E2F56011}.Release|iPhone.ActiveCfg = Release|Any CPU
		{844714C8-7D74-4F6E-BC9F-F3D7E2F56011}.Release|iPhone.Build.0 = Release|Any CPU
		{844714C8-7D74-4F6E-BC9F-F3D7E2F56011}.Release|iPhone.Deploy.0 = Release|Any CPU
		{844714C8-7D74-4F6E-BC9F-F3D7E2F56011}.Release|iPhoneSimulator.ActiveCfg = Release|Any CPU
		{844714C8-7D74-4F6E-BC9F-F3D7E2F56011}.Release|iPhoneSimulator.Build.0 = Release|Any CPU
		{844714C8-7D74-4F6E-BC9F-F3D7E2F56011}.Release|iPhoneSimulator.Deploy.0 = Release|Any CPU
		{844714C8-7D74-4F6E-BC9F-F3D7E2F56011}.Release|x64.ActiveCfg = Release|Any CPU
		{844714C8-7D74-4F6E-BC9F-F3D7E2F56011}.Release|x64.Build.0 = Release|Any CPU
		{844714C8-7D74-4F6E-BC9F-F3D7E2F56011}.Release|x64.Deploy.0 = Release|Any CPU
		{844714C8-7D74-4F6E-BC9F-F3D7E2F56011}.Release|x86.ActiveCfg = Release|Any CPU
		{844714C8-7D74-4F6E-BC9F-F3D7E2F56011}.Release|x86.Build.0 = Release|Any CPU
		{844714C8-7D74-4F6E-BC9F-F3D7E2F56011}.Release|x86.Deploy.0 = Release|Any CPU
		{72AF49AD-6EDC-42B0-8181-FDB9A6451441}.Ad-Hoc|Any CPU.ActiveCfg = Release|Any CPU
		{72AF49AD-6EDC-42B0-8181-FDB9A6451441}.Ad-Hoc|Any CPU.Build.0 = Release|Any CPU
		{72AF49AD-6EDC-42B0-8181-FDB9A6451441}.Ad-Hoc|ARM.ActiveCfg = Release|Any CPU
		{72AF49AD-6EDC-42B0-8181-FDB9A6451441}.Ad-Hoc|ARM.Build.0 = Release|Any CPU
		{72AF49AD-6EDC-42B0-8181-FDB9A6451441}.Ad-Hoc|iPhone.ActiveCfg = Release|Any CPU
		{72AF49AD-6EDC-42B0-8181-FDB9A6451441}.Ad-Hoc|iPhone.Build.0 = Release|Any CPU
		{72AF49AD-6EDC-42B0-8181-FDB9A6451441}.Ad-Hoc|iPhoneSimulator.ActiveCfg = Release|Any CPU
		{72AF49AD-6EDC-42B0-8181-FDB9A6451441}.Ad-Hoc|iPhoneSimulator.Build.0 = Release|Any CPU
		{72AF49AD-6EDC-42B0-8181-FDB9A6451441}.Ad-Hoc|x64.ActiveCfg = Release|Any CPU
		{72AF49AD-6EDC-42B0-8181-FDB9A6451441}.Ad-Hoc|x64.Build.0 = Release|Any CPU
		{72AF49AD-6EDC-42B0-8181-FDB9A6451441}.Ad-Hoc|x86.ActiveCfg = Release|Any CPU
		{72AF49AD-6EDC-42B0-8181-FDB9A6451441}.Ad-Hoc|x86.Build.0 = Release|Any CPU
		{72AF49AD-6EDC-42B0-8181-FDB9A6451441}.AppStore|Any CPU.ActiveCfg = Release|Any CPU
		{72AF49AD-6EDC-42B0-8181-FDB9A6451441}.AppStore|Any CPU.Build.0 = Release|Any CPU
		{72AF49AD-6EDC-42B0-8181-FDB9A6451441}.AppStore|ARM.ActiveCfg = Release|Any CPU
		{72AF49AD-6EDC-42B0-8181-FDB9A6451441}.AppStore|ARM.Build.0 = Release|Any CPU
		{72AF49AD-6EDC-42B0-8181-FDB9A6451441}.AppStore|iPhone.ActiveCfg = Release|Any CPU
		{72AF49AD-6EDC-42B0-8181-FDB9A6451441}.AppStore|iPhone.Build.0 = Release|Any CPU
		{72AF49AD-6EDC-42B0-8181-FDB9A6451441}.AppStore|iPhoneSimulator.ActiveCfg = Release|Any CPU
		{72AF49AD-6EDC-42B0-8181-FDB9A6451441}.AppStore|iPhoneSimulator.Build.0 = Release|Any CPU
		{72AF49AD-6EDC-42B0-8181-FDB9A6451441}.AppStore|x64.ActiveCfg = Release|Any CPU
		{72AF49AD-6EDC-42B0-8181-FDB9A6451441}.AppStore|x64.Build.0 = Release|Any CPU
		{72AF49AD-6EDC-42B0-8181-FDB9A6451441}.AppStore|x86.ActiveCfg = Release|Any CPU
		{72AF49AD-6EDC-42B0-8181-FDB9A6451441}.AppStore|x86.Build.0 = Release|Any CPU
		{72AF49AD-6EDC-42B0-8181-FDB9A6451441}.Debug|Any CPU.ActiveCfg = Debug|Any CPU
		{72AF49AD-6EDC-42B0-8181-FDB9A6451441}.Debug|Any CPU.Build.0 = Debug|Any CPU
		{72AF49AD-6EDC-42B0-8181-FDB9A6451441}.Debug|ARM.ActiveCfg = Debug|Any CPU
		{72AF49AD-6EDC-42B0-8181-FDB9A6451441}.Debug|ARM.Build.0 = Debug|Any CPU
		{72AF49AD-6EDC-42B0-8181-FDB9A6451441}.Debug|iPhone.ActiveCfg = Debug|Any CPU
		{72AF49AD-6EDC-42B0-8181-FDB9A6451441}.Debug|iPhone.Build.0 = Debug|Any CPU
		{72AF49AD-6EDC-42B0-8181-FDB9A6451441}.Debug|iPhoneSimulator.ActiveCfg = Debug|Any CPU
		{72AF49AD-6EDC-42B0-8181-FDB9A6451441}.Debug|iPhoneSimulator.Build.0 = Debug|Any CPU
		{72AF49AD-6EDC-42B0-8181-FDB9A6451441}.Debug|x64.ActiveCfg = Debug|Any CPU
		{72AF49AD-6EDC-42B0-8181-FDB9A6451441}.Debug|x64.Build.0 = Debug|Any CPU
		{72AF49AD-6EDC-42B0-8181-FDB9A6451441}.Debug|x86.ActiveCfg = Debug|Any CPU
		{72AF49AD-6EDC-42B0-8181-FDB9A6451441}.Debug|x86.Build.0 = Debug|Any CPU
		{72AF49AD-6EDC-42B0-8181-FDB9A6451441}.Release|Any CPU.ActiveCfg = Release|Any CPU
		{72AF49AD-6EDC-42B0-8181-FDB9A6451441}.Release|Any CPU.Build.0 = Release|Any CPU
		{72AF49AD-6EDC-42B0-8181-FDB9A6451441}.Release|ARM.ActiveCfg = Release|Any CPU
		{72AF49AD-6EDC-42B0-8181-FDB9A6451441}.Release|ARM.Build.0 = Release|Any CPU
		{72AF49AD-6EDC-42B0-8181-FDB9A6451441}.Release|iPhone.ActiveCfg = Release|Any CPU
		{72AF49AD-6EDC-42B0-8181-FDB9A6451441}.Release|iPhone.Build.0 = Release|Any CPU
		{72AF49AD-6EDC-42B0-8181-FDB9A6451441}.Release|iPhoneSimulator.ActiveCfg = Release|Any CPU
		{72AF49AD-6EDC-42B0-8181-FDB9A6451441}.Release|iPhoneSimulator.Build.0 = Release|Any CPU
		{72AF49AD-6EDC-42B0-8181-FDB9A6451441}.Release|x64.ActiveCfg = Release|Any CPU
		{72AF49AD-6EDC-42B0-8181-FDB9A6451441}.Release|x64.Build.0 = Release|Any CPU
		{72AF49AD-6EDC-42B0-8181-FDB9A6451441}.Release|x86.ActiveCfg = Release|Any CPU
		{72AF49AD-6EDC-42B0-8181-FDB9A6451441}.Release|x86.Build.0 = Release|Any CPU
		{AEDEA00F-8E6B-43AF-9D8F-3448850125F8}.Ad-Hoc|Any CPU.ActiveCfg = Release|x86
		{AEDEA00F-8E6B-43AF-9D8F-3448850125F8}.Ad-Hoc|Any CPU.Build.0 = Release|x86
		{AEDEA00F-8E6B-43AF-9D8F-3448850125F8}.Ad-Hoc|Any CPU.Deploy.0 = Release|x86
		{AEDEA00F-8E6B-43AF-9D8F-3448850125F8}.Ad-Hoc|ARM.ActiveCfg = Release|ARM
		{AEDEA00F-8E6B-43AF-9D8F-3448850125F8}.Ad-Hoc|ARM.Build.0 = Release|ARM
		{AEDEA00F-8E6B-43AF-9D8F-3448850125F8}.Ad-Hoc|ARM.Deploy.0 = Release|ARM
		{AEDEA00F-8E6B-43AF-9D8F-3448850125F8}.Ad-Hoc|iPhone.ActiveCfg = Release|x86
		{AEDEA00F-8E6B-43AF-9D8F-3448850125F8}.Ad-Hoc|iPhone.Build.0 = Release|x86
		{AEDEA00F-8E6B-43AF-9D8F-3448850125F8}.Ad-Hoc|iPhone.Deploy.0 = Release|x86
		{AEDEA00F-8E6B-43AF-9D8F-3448850125F8}.Ad-Hoc|iPhoneSimulator.ActiveCfg = Release|x86
		{AEDEA00F-8E6B-43AF-9D8F-3448850125F8}.Ad-Hoc|iPhoneSimulator.Build.0 = Release|x86
		{AEDEA00F-8E6B-43AF-9D8F-3448850125F8}.Ad-Hoc|iPhoneSimulator.Deploy.0 = Release|x86
		{AEDEA00F-8E6B-43AF-9D8F-3448850125F8}.Ad-Hoc|x64.ActiveCfg = Release|x64
		{AEDEA00F-8E6B-43AF-9D8F-3448850125F8}.Ad-Hoc|x64.Build.0 = Release|x64
		{AEDEA00F-8E6B-43AF-9D8F-3448850125F8}.Ad-Hoc|x64.Deploy.0 = Release|x64
		{AEDEA00F-8E6B-43AF-9D8F-3448850125F8}.Ad-Hoc|x86.ActiveCfg = Release|x86
		{AEDEA00F-8E6B-43AF-9D8F-3448850125F8}.Ad-Hoc|x86.Build.0 = Release|x86
		{AEDEA00F-8E6B-43AF-9D8F-3448850125F8}.Ad-Hoc|x86.Deploy.0 = Release|x86
		{AEDEA00F-8E6B-43AF-9D8F-3448850125F8}.AppStore|Any CPU.ActiveCfg = Release|x86
		{AEDEA00F-8E6B-43AF-9D8F-3448850125F8}.AppStore|Any CPU.Build.0 = Release|x86
		{AEDEA00F-8E6B-43AF-9D8F-3448850125F8}.AppStore|Any CPU.Deploy.0 = Release|x86
		{AEDEA00F-8E6B-43AF-9D8F-3448850125F8}.AppStore|ARM.ActiveCfg = Release|ARM
		{AEDEA00F-8E6B-43AF-9D8F-3448850125F8}.AppStore|ARM.Build.0 = Release|ARM
		{AEDEA00F-8E6B-43AF-9D8F-3448850125F8}.AppStore|ARM.Deploy.0 = Release|ARM
		{AEDEA00F-8E6B-43AF-9D8F-3448850125F8}.AppStore|iPhone.ActiveCfg = Release|x86
		{AEDEA00F-8E6B-43AF-9D8F-3448850125F8}.AppStore|iPhone.Build.0 = Release|x86
		{AEDEA00F-8E6B-43AF-9D8F-3448850125F8}.AppStore|iPhone.Deploy.0 = Release|x86
		{AEDEA00F-8E6B-43AF-9D8F-3448850125F8}.AppStore|iPhoneSimulator.ActiveCfg = Release|x86
		{AEDEA00F-8E6B-43AF-9D8F-3448850125F8}.AppStore|iPhoneSimulator.Build.0 = Release|x86
		{AEDEA00F-8E6B-43AF-9D8F-3448850125F8}.AppStore|iPhoneSimulator.Deploy.0 = Release|x86
		{AEDEA00F-8E6B-43AF-9D8F-3448850125F8}.AppStore|x64.ActiveCfg = Release|x64
		{AEDEA00F-8E6B-43AF-9D8F-3448850125F8}.AppStore|x64.Build.0 = Release|x64
		{AEDEA00F-8E6B-43AF-9D8F-3448850125F8}.AppStore|x64.Deploy.0 = Release|x64
		{AEDEA00F-8E6B-43AF-9D8F-3448850125F8}.AppStore|x86.ActiveCfg = Release|x86
		{AEDEA00F-8E6B-43AF-9D8F-3448850125F8}.AppStore|x86.Build.0 = Release|x86
		{AEDEA00F-8E6B-43AF-9D8F-3448850125F8}.AppStore|x86.Deploy.0 = Release|x86
		{AEDEA00F-8E6B-43AF-9D8F-3448850125F8}.Debug|Any CPU.ActiveCfg = Debug|x86
		{AEDEA00F-8E6B-43AF-9D8F-3448850125F8}.Debug|Any CPU.Build.0 = Debug|x86
		{AEDEA00F-8E6B-43AF-9D8F-3448850125F8}.Debug|Any CPU.Deploy.0 = Debug|x86
		{AEDEA00F-8E6B-43AF-9D8F-3448850125F8}.Debug|ARM.ActiveCfg = Debug|ARM
		{AEDEA00F-8E6B-43AF-9D8F-3448850125F8}.Debug|ARM.Build.0 = Debug|ARM
		{AEDEA00F-8E6B-43AF-9D8F-3448850125F8}.Debug|ARM.Deploy.0 = Debug|ARM
		{AEDEA00F-8E6B-43AF-9D8F-3448850125F8}.Debug|iPhone.ActiveCfg = Debug|x86
		{AEDEA00F-8E6B-43AF-9D8F-3448850125F8}.Debug|iPhoneSimulator.ActiveCfg = Debug|x86
		{AEDEA00F-8E6B-43AF-9D8F-3448850125F8}.Debug|x64.ActiveCfg = Debug|x64
		{AEDEA00F-8E6B-43AF-9D8F-3448850125F8}.Debug|x64.Build.0 = Debug|x64
		{AEDEA00F-8E6B-43AF-9D8F-3448850125F8}.Debug|x64.Deploy.0 = Debug|x64
		{AEDEA00F-8E6B-43AF-9D8F-3448850125F8}.Debug|x86.ActiveCfg = Debug|x86
		{AEDEA00F-8E6B-43AF-9D8F-3448850125F8}.Debug|x86.Build.0 = Debug|x86
		{AEDEA00F-8E6B-43AF-9D8F-3448850125F8}.Debug|x86.Deploy.0 = Debug|x86
		{AEDEA00F-8E6B-43AF-9D8F-3448850125F8}.Release|Any CPU.ActiveCfg = Release|x86
		{AEDEA00F-8E6B-43AF-9D8F-3448850125F8}.Release|ARM.ActiveCfg = Release|ARM
		{AEDEA00F-8E6B-43AF-9D8F-3448850125F8}.Release|ARM.Build.0 = Release|ARM
		{AEDEA00F-8E6B-43AF-9D8F-3448850125F8}.Release|ARM.Deploy.0 = Release|ARM
		{AEDEA00F-8E6B-43AF-9D8F-3448850125F8}.Release|iPhone.ActiveCfg = Release|x86
		{AEDEA00F-8E6B-43AF-9D8F-3448850125F8}.Release|iPhoneSimulator.ActiveCfg = Release|x86
		{AEDEA00F-8E6B-43AF-9D8F-3448850125F8}.Release|x64.ActiveCfg = Release|x64
		{AEDEA00F-8E6B-43AF-9D8F-3448850125F8}.Release|x64.Build.0 = Release|x64
		{AEDEA00F-8E6B-43AF-9D8F-3448850125F8}.Release|x64.Deploy.0 = Release|x64
		{AEDEA00F-8E6B-43AF-9D8F-3448850125F8}.Release|x86.ActiveCfg = Release|x86
		{AEDEA00F-8E6B-43AF-9D8F-3448850125F8}.Release|x86.Build.0 = Release|x86
		{AEDEA00F-8E6B-43AF-9D8F-3448850125F8}.Release|x86.Deploy.0 = Release|x86
		{069961AC-AAC1-48AA-8C28-18C30544CBA0}.Ad-Hoc|Any CPU.ActiveCfg = Ad-Hoc|iPhone
		{069961AC-AAC1-48AA-8C28-18C30544CBA0}.Ad-Hoc|ARM.ActiveCfg = Ad-Hoc|iPhone
		{069961AC-AAC1-48AA-8C28-18C30544CBA0}.Ad-Hoc|iPhone.ActiveCfg = Ad-Hoc|iPhone
		{069961AC-AAC1-48AA-8C28-18C30544CBA0}.Ad-Hoc|iPhone.Build.0 = Ad-Hoc|iPhone
		{069961AC-AAC1-48AA-8C28-18C30544CBA0}.Ad-Hoc|iPhoneSimulator.ActiveCfg = Ad-Hoc|iPhoneSimulator
		{069961AC-AAC1-48AA-8C28-18C30544CBA0}.Ad-Hoc|iPhoneSimulator.Build.0 = Ad-Hoc|iPhoneSimulator
		{069961AC-AAC1-48AA-8C28-18C30544CBA0}.Ad-Hoc|x64.ActiveCfg = Ad-Hoc|iPhone
		{069961AC-AAC1-48AA-8C28-18C30544CBA0}.Ad-Hoc|x86.ActiveCfg = Ad-Hoc|iPhone
		{069961AC-AAC1-48AA-8C28-18C30544CBA0}.AppStore|Any CPU.ActiveCfg = AppStore|iPhone
		{069961AC-AAC1-48AA-8C28-18C30544CBA0}.AppStore|ARM.ActiveCfg = AppStore|iPhone
		{069961AC-AAC1-48AA-8C28-18C30544CBA0}.AppStore|iPhone.ActiveCfg = AppStore|iPhone
		{069961AC-AAC1-48AA-8C28-18C30544CBA0}.AppStore|iPhone.Build.0 = AppStore|iPhone
		{069961AC-AAC1-48AA-8C28-18C30544CBA0}.AppStore|iPhoneSimulator.ActiveCfg = AppStore|iPhoneSimulator
		{069961AC-AAC1-48AA-8C28-18C30544CBA0}.AppStore|iPhoneSimulator.Build.0 = AppStore|iPhoneSimulator
		{069961AC-AAC1-48AA-8C28-18C30544CBA0}.AppStore|x64.ActiveCfg = AppStore|iPhone
		{069961AC-AAC1-48AA-8C28-18C30544CBA0}.AppStore|x86.ActiveCfg = AppStore|iPhone
		{069961AC-AAC1-48AA-8C28-18C30544CBA0}.Debug|Any CPU.ActiveCfg = Debug|iPhone
		{069961AC-AAC1-48AA-8C28-18C30544CBA0}.Debug|ARM.ActiveCfg = Debug|iPhone
		{069961AC-AAC1-48AA-8C28-18C30544CBA0}.Debug|iPhone.ActiveCfg = Debug|iPhone
		{069961AC-AAC1-48AA-8C28-18C30544CBA0}.Debug|iPhone.Build.0 = Debug|iPhone
		{069961AC-AAC1-48AA-8C28-18C30544CBA0}.Debug|iPhoneSimulator.ActiveCfg = Debug|iPhoneSimulator
		{069961AC-AAC1-48AA-8C28-18C30544CBA0}.Debug|iPhoneSimulator.Build.0 = Debug|iPhoneSimulator
		{069961AC-AAC1-48AA-8C28-18C30544CBA0}.Debug|x64.ActiveCfg = Debug|iPhone
		{069961AC-AAC1-48AA-8C28-18C30544CBA0}.Debug|x86.ActiveCfg = Debug|iPhone
		{069961AC-AAC1-48AA-8C28-18C30544CBA0}.Release|Any CPU.ActiveCfg = Release|iPhone
		{069961AC-AAC1-48AA-8C28-18C30544CBA0}.Release|ARM.ActiveCfg = Release|iPhone
		{069961AC-AAC1-48AA-8C28-18C30544CBA0}.Release|iPhone.ActiveCfg = Release|iPhone
		{069961AC-AAC1-48AA-8C28-18C30544CBA0}.Release|iPhone.Build.0 = Release|iPhone
		{069961AC-AAC1-48AA-8C28-18C30544CBA0}.Release|iPhoneSimulator.ActiveCfg = Release|iPhoneSimulator
		{069961AC-AAC1-48AA-8C28-18C30544CBA0}.Release|iPhoneSimulator.Build.0 = Release|iPhoneSimulator
		{069961AC-AAC1-48AA-8C28-18C30544CBA0}.Release|x64.ActiveCfg = Release|iPhone
		{069961AC-AAC1-48AA-8C28-18C30544CBA0}.Release|x86.ActiveCfg = Release|iPhone
		{2D5EEE12-F1A9-4F12-BD6E-83D2D5AB3629}.Ad-Hoc|Any CPU.ActiveCfg = Release|Any CPU
		{2D5EEE12-F1A9-4F12-BD6E-83D2D5AB3629}.Ad-Hoc|Any CPU.Build.0 = Release|Any CPU
		{2D5EEE12-F1A9-4F12-BD6E-83D2D5AB3629}.Ad-Hoc|Any CPU.Deploy.0 = Release|Any CPU
		{2D5EEE12-F1A9-4F12-BD6E-83D2D5AB3629}.Ad-Hoc|ARM.ActiveCfg = Release|ARM
		{2D5EEE12-F1A9-4F12-BD6E-83D2D5AB3629}.Ad-Hoc|ARM.Build.0 = Release|ARM
		{2D5EEE12-F1A9-4F12-BD6E-83D2D5AB3629}.Ad-Hoc|ARM.Deploy.0 = Release|ARM
		{2D5EEE12-F1A9-4F12-BD6E-83D2D5AB3629}.Ad-Hoc|iPhone.ActiveCfg = Release|Any CPU
		{2D5EEE12-F1A9-4F12-BD6E-83D2D5AB3629}.Ad-Hoc|iPhone.Build.0 = Release|Any CPU
		{2D5EEE12-F1A9-4F12-BD6E-83D2D5AB3629}.Ad-Hoc|iPhone.Deploy.0 = Release|Any CPU
		{2D5EEE12-F1A9-4F12-BD6E-83D2D5AB3629}.Ad-Hoc|iPhoneSimulator.ActiveCfg = Release|Any CPU
		{2D5EEE12-F1A9-4F12-BD6E-83D2D5AB3629}.Ad-Hoc|iPhoneSimulator.Build.0 = Release|Any CPU
		{2D5EEE12-F1A9-4F12-BD6E-83D2D5AB3629}.Ad-Hoc|iPhoneSimulator.Deploy.0 = Release|Any CPU
		{2D5EEE12-F1A9-4F12-BD6E-83D2D5AB3629}.Ad-Hoc|x64.ActiveCfg = Release|x64
		{2D5EEE12-F1A9-4F12-BD6E-83D2D5AB3629}.Ad-Hoc|x64.Build.0 = Release|x64
		{2D5EEE12-F1A9-4F12-BD6E-83D2D5AB3629}.Ad-Hoc|x64.Deploy.0 = Release|x64
		{2D5EEE12-F1A9-4F12-BD6E-83D2D5AB3629}.Ad-Hoc|x86.ActiveCfg = Release|x86
		{2D5EEE12-F1A9-4F12-BD6E-83D2D5AB3629}.Ad-Hoc|x86.Build.0 = Release|x86
		{2D5EEE12-F1A9-4F12-BD6E-83D2D5AB3629}.Ad-Hoc|x86.Deploy.0 = Release|x86
		{2D5EEE12-F1A9-4F12-BD6E-83D2D5AB3629}.AppStore|Any CPU.ActiveCfg = Release|Any CPU
		{2D5EEE12-F1A9-4F12-BD6E-83D2D5AB3629}.AppStore|Any CPU.Build.0 = Release|Any CPU
		{2D5EEE12-F1A9-4F12-BD6E-83D2D5AB3629}.AppStore|Any CPU.Deploy.0 = Release|Any CPU
		{2D5EEE12-F1A9-4F12-BD6E-83D2D5AB3629}.AppStore|ARM.ActiveCfg = Release|ARM
		{2D5EEE12-F1A9-4F12-BD6E-83D2D5AB3629}.AppStore|ARM.Build.0 = Release|ARM
		{2D5EEE12-F1A9-4F12-BD6E-83D2D5AB3629}.AppStore|ARM.Deploy.0 = Release|ARM
		{2D5EEE12-F1A9-4F12-BD6E-83D2D5AB3629}.AppStore|iPhone.ActiveCfg = Release|Any CPU
		{2D5EEE12-F1A9-4F12-BD6E-83D2D5AB3629}.AppStore|iPhone.Build.0 = Release|Any CPU
		{2D5EEE12-F1A9-4F12-BD6E-83D2D5AB3629}.AppStore|iPhone.Deploy.0 = Release|Any CPU
		{2D5EEE12-F1A9-4F12-BD6E-83D2D5AB3629}.AppStore|iPhoneSimulator.ActiveCfg = Release|Any CPU
		{2D5EEE12-F1A9-4F12-BD6E-83D2D5AB3629}.AppStore|iPhoneSimulator.Build.0 = Release|Any CPU
		{2D5EEE12-F1A9-4F12-BD6E-83D2D5AB3629}.AppStore|iPhoneSimulator.Deploy.0 = Release|Any CPU
		{2D5EEE12-F1A9-4F12-BD6E-83D2D5AB3629}.AppStore|x64.ActiveCfg = Release|x64
		{2D5EEE12-F1A9-4F12-BD6E-83D2D5AB3629}.AppStore|x64.Build.0 = Release|x64
		{2D5EEE12-F1A9-4F12-BD6E-83D2D5AB3629}.AppStore|x64.Deploy.0 = Release|x64
		{2D5EEE12-F1A9-4F12-BD6E-83D2D5AB3629}.AppStore|x86.ActiveCfg = Release|x86
		{2D5EEE12-F1A9-4F12-BD6E-83D2D5AB3629}.AppStore|x86.Build.0 = Release|x86
		{2D5EEE12-F1A9-4F12-BD6E-83D2D5AB3629}.AppStore|x86.Deploy.0 = Release|x86
		{2D5EEE12-F1A9-4F12-BD6E-83D2D5AB3629}.Debug|Any CPU.ActiveCfg = Debug|Any CPU
		{2D5EEE12-F1A9-4F12-BD6E-83D2D5AB3629}.Debug|Any CPU.Build.0 = Debug|Any CPU
		{2D5EEE12-F1A9-4F12-BD6E-83D2D5AB3629}.Debug|Any CPU.Deploy.0 = Debug|Any CPU
		{2D5EEE12-F1A9-4F12-BD6E-83D2D5AB3629}.Debug|ARM.ActiveCfg = Debug|ARM
		{2D5EEE12-F1A9-4F12-BD6E-83D2D5AB3629}.Debug|ARM.Build.0 = Debug|ARM
		{2D5EEE12-F1A9-4F12-BD6E-83D2D5AB3629}.Debug|ARM.Deploy.0 = Debug|ARM
		{2D5EEE12-F1A9-4F12-BD6E-83D2D5AB3629}.Debug|iPhone.ActiveCfg = Debug|Any CPU
		{2D5EEE12-F1A9-4F12-BD6E-83D2D5AB3629}.Debug|iPhone.Build.0 = Debug|Any CPU
		{2D5EEE12-F1A9-4F12-BD6E-83D2D5AB3629}.Debug|iPhone.Deploy.0 = Debug|Any CPU
		{2D5EEE12-F1A9-4F12-BD6E-83D2D5AB3629}.Debug|iPhoneSimulator.ActiveCfg = Debug|Any CPU
		{2D5EEE12-F1A9-4F12-BD6E-83D2D5AB3629}.Debug|iPhoneSimulator.Build.0 = Debug|Any CPU
		{2D5EEE12-F1A9-4F12-BD6E-83D2D5AB3629}.Debug|iPhoneSimulator.Deploy.0 = Debug|Any CPU
		{2D5EEE12-F1A9-4F12-BD6E-83D2D5AB3629}.Debug|x64.ActiveCfg = Debug|x64
		{2D5EEE12-F1A9-4F12-BD6E-83D2D5AB3629}.Debug|x64.Build.0 = Debug|x64
		{2D5EEE12-F1A9-4F12-BD6E-83D2D5AB3629}.Debug|x64.Deploy.0 = Debug|x64
		{2D5EEE12-F1A9-4F12-BD6E-83D2D5AB3629}.Debug|x86.ActiveCfg = Debug|x86
		{2D5EEE12-F1A9-4F12-BD6E-83D2D5AB3629}.Debug|x86.Build.0 = Debug|x86
		{2D5EEE12-F1A9-4F12-BD6E-83D2D5AB3629}.Debug|x86.Deploy.0 = Debug|x86
		{2D5EEE12-F1A9-4F12-BD6E-83D2D5AB3629}.Release|Any CPU.ActiveCfg = Release|Any CPU
		{2D5EEE12-F1A9-4F12-BD6E-83D2D5AB3629}.Release|Any CPU.Build.0 = Release|Any CPU
		{2D5EEE12-F1A9-4F12-BD6E-83D2D5AB3629}.Release|Any CPU.Deploy.0 = Release|Any CPU
		{2D5EEE12-F1A9-4F12-BD6E-83D2D5AB3629}.Release|ARM.ActiveCfg = Release|ARM
		{2D5EEE12-F1A9-4F12-BD6E-83D2D5AB3629}.Release|ARM.Build.0 = Release|ARM
		{2D5EEE12-F1A9-4F12-BD6E-83D2D5AB3629}.Release|ARM.Deploy.0 = Release|ARM
		{2D5EEE12-F1A9-4F12-BD6E-83D2D5AB3629}.Release|iPhone.ActiveCfg = Release|Any CPU
		{2D5EEE12-F1A9-4F12-BD6E-83D2D5AB3629}.Release|iPhone.Build.0 = Release|Any CPU
		{2D5EEE12-F1A9-4F12-BD6E-83D2D5AB3629}.Release|iPhone.Deploy.0 = Release|Any CPU
		{2D5EEE12-F1A9-4F12-BD6E-83D2D5AB3629}.Release|iPhoneSimulator.ActiveCfg = Release|Any CPU
		{2D5EEE12-F1A9-4F12-BD6E-83D2D5AB3629}.Release|iPhoneSimulator.Build.0 = Release|Any CPU
		{2D5EEE12-F1A9-4F12-BD6E-83D2D5AB3629}.Release|iPhoneSimulator.Deploy.0 = Release|Any CPU
		{2D5EEE12-F1A9-4F12-BD6E-83D2D5AB3629}.Release|x64.ActiveCfg = Release|x64
		{2D5EEE12-F1A9-4F12-BD6E-83D2D5AB3629}.Release|x64.Build.0 = Release|x64
		{2D5EEE12-F1A9-4F12-BD6E-83D2D5AB3629}.Release|x64.Deploy.0 = Release|x64
		{2D5EEE12-F1A9-4F12-BD6E-83D2D5AB3629}.Release|x86.ActiveCfg = Release|x86
		{2D5EEE12-F1A9-4F12-BD6E-83D2D5AB3629}.Release|x86.Build.0 = Release|x86
		{2D5EEE12-F1A9-4F12-BD6E-83D2D5AB3629}.Release|x86.Deploy.0 = Release|x86
		{D77B0A6D-4D84-42FB-8741-20CB82EEC0AE}.Ad-Hoc|Any CPU.ActiveCfg = Release|Any CPU
		{D77B0A6D-4D84-42FB-8741-20CB82EEC0AE}.Ad-Hoc|Any CPU.Build.0 = Release|Any CPU
		{D77B0A6D-4D84-42FB-8741-20CB82EEC0AE}.Ad-Hoc|Any CPU.Deploy.0 = Release|Any CPU
		{D77B0A6D-4D84-42FB-8741-20CB82EEC0AE}.Ad-Hoc|ARM.ActiveCfg = Release|ARM
		{D77B0A6D-4D84-42FB-8741-20CB82EEC0AE}.Ad-Hoc|ARM.Build.0 = Release|ARM
		{D77B0A6D-4D84-42FB-8741-20CB82EEC0AE}.Ad-Hoc|ARM.Deploy.0 = Release|ARM
		{D77B0A6D-4D84-42FB-8741-20CB82EEC0AE}.Ad-Hoc|iPhone.ActiveCfg = Release|Any CPU
		{D77B0A6D-4D84-42FB-8741-20CB82EEC0AE}.Ad-Hoc|iPhone.Build.0 = Release|Any CPU
		{D77B0A6D-4D84-42FB-8741-20CB82EEC0AE}.Ad-Hoc|iPhone.Deploy.0 = Release|Any CPU
		{D77B0A6D-4D84-42FB-8741-20CB82EEC0AE}.Ad-Hoc|iPhoneSimulator.ActiveCfg = Release|Any CPU
		{D77B0A6D-4D84-42FB-8741-20CB82EEC0AE}.Ad-Hoc|iPhoneSimulator.Build.0 = Release|Any CPU
		{D77B0A6D-4D84-42FB-8741-20CB82EEC0AE}.Ad-Hoc|iPhoneSimulator.Deploy.0 = Release|Any CPU
		{D77B0A6D-4D84-42FB-8741-20CB82EEC0AE}.Ad-Hoc|x64.ActiveCfg = Release|Any CPU
		{D77B0A6D-4D84-42FB-8741-20CB82EEC0AE}.Ad-Hoc|x64.Build.0 = Release|Any CPU
		{D77B0A6D-4D84-42FB-8741-20CB82EEC0AE}.Ad-Hoc|x64.Deploy.0 = Release|Any CPU
		{D77B0A6D-4D84-42FB-8741-20CB82EEC0AE}.Ad-Hoc|x86.ActiveCfg = Release|x86
		{D77B0A6D-4D84-42FB-8741-20CB82EEC0AE}.Ad-Hoc|x86.Build.0 = Release|x86
		{D77B0A6D-4D84-42FB-8741-20CB82EEC0AE}.Ad-Hoc|x86.Deploy.0 = Release|x86
		{D77B0A6D-4D84-42FB-8741-20CB82EEC0AE}.AppStore|Any CPU.ActiveCfg = Release|Any CPU
		{D77B0A6D-4D84-42FB-8741-20CB82EEC0AE}.AppStore|Any CPU.Build.0 = Release|Any CPU
		{D77B0A6D-4D84-42FB-8741-20CB82EEC0AE}.AppStore|Any CPU.Deploy.0 = Release|Any CPU
		{D77B0A6D-4D84-42FB-8741-20CB82EEC0AE}.AppStore|ARM.ActiveCfg = Release|ARM
		{D77B0A6D-4D84-42FB-8741-20CB82EEC0AE}.AppStore|ARM.Build.0 = Release|ARM
		{D77B0A6D-4D84-42FB-8741-20CB82EEC0AE}.AppStore|ARM.Deploy.0 = Release|ARM
		{D77B0A6D-4D84-42FB-8741-20CB82EEC0AE}.AppStore|iPhone.ActiveCfg = Release|Any CPU
		{D77B0A6D-4D84-42FB-8741-20CB82EEC0AE}.AppStore|iPhone.Build.0 = Release|Any CPU
		{D77B0A6D-4D84-42FB-8741-20CB82EEC0AE}.AppStore|iPhone.Deploy.0 = Release|Any CPU
		{D77B0A6D-4D84-42FB-8741-20CB82EEC0AE}.AppStore|iPhoneSimulator.ActiveCfg = Release|Any CPU
		{D77B0A6D-4D84-42FB-8741-20CB82EEC0AE}.AppStore|iPhoneSimulator.Build.0 = Release|Any CPU
		{D77B0A6D-4D84-42FB-8741-20CB82EEC0AE}.AppStore|iPhoneSimulator.Deploy.0 = Release|Any CPU
		{D77B0A6D-4D84-42FB-8741-20CB82EEC0AE}.AppStore|x64.ActiveCfg = Release|Any CPU
		{D77B0A6D-4D84-42FB-8741-20CB82EEC0AE}.AppStore|x64.Build.0 = Release|Any CPU
		{D77B0A6D-4D84-42FB-8741-20CB82EEC0AE}.AppStore|x64.Deploy.0 = Release|Any CPU
		{D77B0A6D-4D84-42FB-8741-20CB82EEC0AE}.AppStore|x86.ActiveCfg = Release|x86
		{D77B0A6D-4D84-42FB-8741-20CB82EEC0AE}.AppStore|x86.Build.0 = Release|x86
		{D77B0A6D-4D84-42FB-8741-20CB82EEC0AE}.AppStore|x86.Deploy.0 = Release|x86
		{D77B0A6D-4D84-42FB-8741-20CB82EEC0AE}.Debug|Any CPU.ActiveCfg = Debug|Any CPU
		{D77B0A6D-4D84-42FB-8741-20CB82EEC0AE}.Debug|Any CPU.Build.0 = Debug|Any CPU
		{D77B0A6D-4D84-42FB-8741-20CB82EEC0AE}.Debug|Any CPU.Deploy.0 = Debug|Any CPU
		{D77B0A6D-4D84-42FB-8741-20CB82EEC0AE}.Debug|ARM.ActiveCfg = Debug|ARM
		{D77B0A6D-4D84-42FB-8741-20CB82EEC0AE}.Debug|ARM.Build.0 = Debug|ARM
		{D77B0A6D-4D84-42FB-8741-20CB82EEC0AE}.Debug|ARM.Deploy.0 = Debug|ARM
		{D77B0A6D-4D84-42FB-8741-20CB82EEC0AE}.Debug|iPhone.ActiveCfg = Debug|Any CPU
		{D77B0A6D-4D84-42FB-8741-20CB82EEC0AE}.Debug|iPhone.Build.0 = Debug|Any CPU
		{D77B0A6D-4D84-42FB-8741-20CB82EEC0AE}.Debug|iPhone.Deploy.0 = Debug|Any CPU
		{D77B0A6D-4D84-42FB-8741-20CB82EEC0AE}.Debug|iPhoneSimulator.ActiveCfg = Debug|Any CPU
		{D77B0A6D-4D84-42FB-8741-20CB82EEC0AE}.Debug|iPhoneSimulator.Build.0 = Debug|Any CPU
		{D77B0A6D-4D84-42FB-8741-20CB82EEC0AE}.Debug|iPhoneSimulator.Deploy.0 = Debug|Any CPU
		{D77B0A6D-4D84-42FB-8741-20CB82EEC0AE}.Debug|x64.ActiveCfg = Debug|Any CPU
		{D77B0A6D-4D84-42FB-8741-20CB82EEC0AE}.Debug|x64.Build.0 = Debug|Any CPU
		{D77B0A6D-4D84-42FB-8741-20CB82EEC0AE}.Debug|x64.Deploy.0 = Debug|Any CPU
		{D77B0A6D-4D84-42FB-8741-20CB82EEC0AE}.Debug|x86.ActiveCfg = Debug|x86
		{D77B0A6D-4D84-42FB-8741-20CB82EEC0AE}.Debug|x86.Build.0 = Debug|x86
		{D77B0A6D-4D84-42FB-8741-20CB82EEC0AE}.Debug|x86.Deploy.0 = Debug|x86
		{D77B0A6D-4D84-42FB-8741-20CB82EEC0AE}.Release|Any CPU.ActiveCfg = Release|Any CPU
		{D77B0A6D-4D84-42FB-8741-20CB82EEC0AE}.Release|Any CPU.Build.0 = Release|Any CPU
		{D77B0A6D-4D84-42FB-8741-20CB82EEC0AE}.Release|Any CPU.Deploy.0 = Release|Any CPU
		{D77B0A6D-4D84-42FB-8741-20CB82EEC0AE}.Release|ARM.ActiveCfg = Release|ARM
		{D77B0A6D-4D84-42FB-8741-20CB82EEC0AE}.Release|ARM.Build.0 = Release|ARM
		{D77B0A6D-4D84-42FB-8741-20CB82EEC0AE}.Release|ARM.Deploy.0 = Release|ARM
		{D77B0A6D-4D84-42FB-8741-20CB82EEC0AE}.Release|iPhone.ActiveCfg = Release|Any CPU
		{D77B0A6D-4D84-42FB-8741-20CB82EEC0AE}.Release|iPhone.Build.0 = Release|Any CPU
		{D77B0A6D-4D84-42FB-8741-20CB82EEC0AE}.Release|iPhone.Deploy.0 = Release|Any CPU
		{D77B0A6D-4D84-42FB-8741-20CB82EEC0AE}.Release|iPhoneSimulator.ActiveCfg = Release|Any CPU
		{D77B0A6D-4D84-42FB-8741-20CB82EEC0AE}.Release|iPhoneSimulator.Build.0 = Release|Any CPU
		{D77B0A6D-4D84-42FB-8741-20CB82EEC0AE}.Release|iPhoneSimulator.Deploy.0 = Release|Any CPU
		{D77B0A6D-4D84-42FB-8741-20CB82EEC0AE}.Release|x64.ActiveCfg = Release|Any CPU
		{D77B0A6D-4D84-42FB-8741-20CB82EEC0AE}.Release|x64.Build.0 = Release|Any CPU
		{D77B0A6D-4D84-42FB-8741-20CB82EEC0AE}.Release|x64.Deploy.0 = Release|Any CPU
		{D77B0A6D-4D84-42FB-8741-20CB82EEC0AE}.Release|x86.ActiveCfg = Release|x86
		{D77B0A6D-4D84-42FB-8741-20CB82EEC0AE}.Release|x86.Build.0 = Release|x86
		{D77B0A6D-4D84-42FB-8741-20CB82EEC0AE}.Release|x86.Deploy.0 = Release|x86
	EndGlobalSection
	GlobalSection(SolutionProperties) = preSolution
		HideSolutionNode = FALSE
	EndGlobalSection
EndGlobal
